// !$*UTF8*$!
{
	archiveVersion = 1;
	classes = {
	};
	objectVersion = 56;
	objects = {

/* Begin PBXBuildFile section */
		001AD79629B7FB67001A8B00 /* RecipeTabView.swift in Sources */ = {isa = PBXBuildFile; fileRef = 001AD79529B7FB67001A8B00 /* RecipeTabView.swift */; };
		00A348FD29BAED1800C9C0FC /* RecipeFeaturedView.swift in Sources */ = {isa = PBXBuildFile; fileRef = 00A348FC29BAED1800C9C0FC /* RecipeFeaturedView.swift */; };
		00A566EB29B6A0690007BBCE /* Recipe_List_App.swift in Sources */ = {isa = PBXBuildFile; fileRef = 00A566EA29B6A0690007BBCE /* Recipe_List_App.swift */; };
		00A566ED29B6A0690007BBCE /* RecipeListView.swift in Sources */ = {isa = PBXBuildFile; fileRef = 00A566EC29B6A0690007BBCE /* RecipeListView.swift */; };
		00A566EF29B6A06A0007BBCE /* Assets.xcassets in Resources */ = {isa = PBXBuildFile; fileRef = 00A566EE29B6A06A0007BBCE /* Assets.xcassets */; };
		00A566F229B6A06A0007BBCE /* Preview Assets.xcassets in Resources */ = {isa = PBXBuildFile; fileRef = 00A566F129B6A06A0007BBCE /* Preview Assets.xcassets */; };
		00A566FE29B6A2650007BBCE /* recipes.json in Resources */ = {isa = PBXBuildFile; fileRef = 00A566FD29B6A2650007BBCE /* recipes.json */; };
		00A5670029B6A3B20007BBCE /* Recipe.swift in Sources */ = {isa = PBXBuildFile; fileRef = 00A566FF29B6A3B20007BBCE /* Recipe.swift */; };
		00A5670229B6A66C0007BBCE /* RecipeModel.swift in Sources */ = {isa = PBXBuildFile; fileRef = 00A5670129B6A66C0007BBCE /* RecipeModel.swift */; };
		00A5670429B6AABB0007BBCE /* DataService.swift in Sources */ = {isa = PBXBuildFile; fileRef = 00A5670329B6AABB0007BBCE /* DataService.swift */; };
		00A5670629B6D1070007BBCE /* RecipeDetailView.swift in Sources */ = {isa = PBXBuildFile; fileRef = 00A5670529B6D1060007BBCE /* RecipeDetailView.swift */; };
		00D01EF829C3F4D3005711C1 /* Rational.swift in Sources */ = {isa = PBXBuildFile; fileRef = 00D01EF729C3F4D3005711C1 /* Rational.swift */; };
/* End PBXBuildFile section */

/* Begin PBXFileReference section */
		001AD79529B7FB67001A8B00 /* RecipeTabView.swift */ = {isa = PBXFileReference; lastKnownFileType = sourcecode.swift; path = RecipeTabView.swift; sourceTree = "<group>"; };
		00A348FC29BAED1800C9C0FC /* RecipeFeaturedView.swift */ = {isa = PBXFileReference; lastKnownFileType = sourcecode.swift; path = RecipeFeaturedView.swift; sourceTree = "<group>"; };
		00A566E729B6A0690007BBCE /* Recipe List App.app */ = {isa = PBXFileReference; explicitFileType = wrapper.application; includeInIndex = 0; path = "Recipe List App.app"; sourceTree = BUILT_PRODUCTS_DIR; };
		00A566EA29B6A0690007BBCE /* Recipe_List_App.swift */ = {isa = PBXFileReference; lastKnownFileType = sourcecode.swift; path = Recipe_List_App.swift; sourceTree = "<group>"; };
		00A566EC29B6A0690007BBCE /* RecipeListView.swift */ = {isa = PBXFileReference; lastKnownFileType = sourcecode.swift; path = RecipeListView.swift; sourceTree = "<group>"; };
		00A566EE29B6A06A0007BBCE /* Assets.xcassets */ = {isa = PBXFileReference; lastKnownFileType = folder.assetcatalog; path = Assets.xcassets; sourceTree = "<group>"; };
		00A566F129B6A06A0007BBCE /* Preview Assets.xcassets */ = {isa = PBXFileReference; lastKnownFileType = folder.assetcatalog; path = "Preview Assets.xcassets"; sourceTree = "<group>"; };
		00A566FD29B6A2650007BBCE /* recipes.json */ = {isa = PBXFileReference; fileEncoding = 4; lastKnownFileType = text.json; path = recipes.json; sourceTree = "<group>"; };
		00A566FF29B6A3B20007BBCE /* Recipe.swift */ = {isa = PBXFileReference; lastKnownFileType = sourcecode.swift; path = Recipe.swift; sourceTree = "<group>"; };
		00A5670129B6A66C0007BBCE /* RecipeModel.swift */ = {isa = PBXFileReference; lastKnownFileType = sourcecode.swift; path = RecipeModel.swift; sourceTree = "<group>"; };
		00A5670329B6AABB0007BBCE /* DataService.swift */ = {isa = PBXFileReference; lastKnownFileType = sourcecode.swift; path = DataService.swift; sourceTree = "<group>"; };
		00A5670529B6D1060007BBCE /* RecipeDetailView.swift */ = {isa = PBXFileReference; lastKnownFileType = sourcecode.swift; path = RecipeDetailView.swift; sourceTree = "<group>"; };
		00D01EF729C3F4D3005711C1 /* Rational.swift */ = {isa = PBXFileReference; fileEncoding = 4; lastKnownFileType = sourcecode.swift; path = Rational.swift; sourceTree = "<group>"; };
/* End PBXFileReference section */

/* Begin PBXFrameworksBuildPhase section */
		00A566E429B6A0690007BBCE /* Frameworks */ = {
			isa = PBXFrameworksBuildPhase;
			buildActionMask = 2147483647;
			files = (
			);
			runOnlyForDeploymentPostprocessing = 0;
		};
/* End PBXFrameworksBuildPhase section */

/* Begin PBXGroup section */
		00A566DE29B6A0690007BBCE = {
			isa = PBXGroup;
			children = (
				00A566E929B6A0690007BBCE /* Recipe List App */,
				00A566E829B6A0690007BBCE /* Products */,
			);
			sourceTree = "<group>";
		};
		00A566E829B6A0690007BBCE /* Products */ = {
			isa = PBXGroup;
			children = (
				00A566E729B6A0690007BBCE /* Recipe List App.app */,
			);
			name = Products;
			sourceTree = "<group>";
		};
		00A566E929B6A0690007BBCE /* Recipe List App */ = {
			isa = PBXGroup;
			children = (
				00A566EA29B6A0690007BBCE /* Recipe_List_App.swift */,
				00A566F829B6A0EA0007BBCE /* Views */,
				00A566F929B6A0F80007BBCE /* ViewModels */,
				00A566FA29B6A1170007BBCE /* Models */,
				00A566FB29B6A1290007BBCE /* Data */,
				00A566FC29B6A1320007BBCE /* Services */,
				00D01EF629C3F485005711C1 /* Utillities */,
				00A566EE29B6A06A0007BBCE /* Assets.xcassets */,
				00A566F029B6A06A0007BBCE /* Preview Content */,
			);
			path = "Recipe List App";
			sourceTree = "<group>";
		};
		00A566F029B6A06A0007BBCE /* Preview Content */ = {
			isa = PBXGroup;
			children = (
				00A566F129B6A06A0007BBCE /* Preview Assets.xcassets */,
			);
			path = "Preview Content";
			sourceTree = "<group>";
		};
		00A566F829B6A0EA0007BBCE /* Views */ = {
			isa = PBXGroup;
			children = (
				00A566EC29B6A0690007BBCE /* RecipeListView.swift */,
				00A5670529B6D1060007BBCE /* RecipeDetailView.swift */,
				001AD79529B7FB67001A8B00 /* RecipeTabView.swift */,
				00A348FC29BAED1800C9C0FC /* RecipeFeaturedView.swift */,
			);
			path = Views;
			sourceTree = "<group>";
		};
		00A566F929B6A0F80007BBCE /* ViewModels */ = {
			isa = PBXGroup;
			children = (
				00A5670129B6A66C0007BBCE /* RecipeModel.swift */,
			);
			path = ViewModels;
			sourceTree = "<group>";
		};
		00A566FA29B6A1170007BBCE /* Models */ = {
			isa = PBXGroup;
			children = (
				00A566FF29B6A3B20007BBCE /* Recipe.swift */,
			);
			path = Models;
			sourceTree = "<group>";
		};
		00A566FB29B6A1290007BBCE /* Data */ = {
			isa = PBXGroup;
			children = (
				00A566FD29B6A2650007BBCE /* recipes.json */,
			);
			path = Data;
			sourceTree = "<group>";
		};
		00A566FC29B6A1320007BBCE /* Services */ = {
			isa = PBXGroup;
			children = (
				00A5670329B6AABB0007BBCE /* DataService.swift */,
			);
			path = Services;
			sourceTree = "<group>";
		};
		00D01EF629C3F485005711C1 /* Utillities */ = {
			isa = PBXGroup;
			children = (
				00D01EF729C3F4D3005711C1 /* Rational.swift */,
			);
			path = Utillities;
			sourceTree = "<group>";
		};
/* End PBXGroup section */

/* Begin PBXNativeTarget section */
		00A566E629B6A0690007BBCE /* Recipe List App */ = {
			isa = PBXNativeTarget;
			buildConfigurationList = 00A566F529B6A06A0007BBCE /* Build configuration list for PBXNativeTarget "Recipe List App" */;
			buildPhases = (
				00A566E329B6A0690007BBCE /* Sources */,
				00A566E429B6A0690007BBCE /* Frameworks */,
				00A566E529B6A0690007BBCE /* Resources */,
			);
			buildRules = (
			);
			dependencies = (
			);
			name = "Recipe List App";
			productName = "Recipe List App";
			productReference = 00A566E729B6A0690007BBCE /* Recipe List App.app */;
			productType = "com.apple.product-type.application";
		};
/* End PBXNativeTarget section */

/* Begin PBXProject section */
		00A566DF29B6A0690007BBCE /* Project object */ = {
			isa = PBXProject;
			attributes = {
				BuildIndependentTargetsInParallel = 1;
				LastSwiftUpdateCheck = 1420;
				LastUpgradeCheck = 1420;
				TargetAttributes = {
					00A566E629B6A0690007BBCE = {
						CreatedOnToolsVersion = 14.2;
					};
				};
			};
			buildConfigurationList = 00A566E229B6A0690007BBCE /* Build configuration list for PBXProject "Recipe List App" */;
			compatibilityVersion = "Xcode 14.0";
			developmentRegion = en;
			hasScannedForEncodings = 0;
			knownRegions = (
				en,
				Base,
			);
			mainGroup = 00A566DE29B6A0690007BBCE;
			productRefGroup = 00A566E829B6A0690007BBCE /* Products */;
			projectDirPath = "";
			projectRoot = "";
			targets = (
				00A566E629B6A0690007BBCE /* Recipe List App */,
			);
		};
/* End PBXProject section */

/* Begin PBXResourcesBuildPhase section */
		00A566E529B6A0690007BBCE /* Resources */ = {
			isa = PBXResourcesBuildPhase;
			buildActionMask = 2147483647;
			files = (
				00A566F229B6A06A0007BBCE /* Preview Assets.xcassets in Resources */,
				00A566FE29B6A2650007BBCE /* recipes.json in Resources */,
				00A566EF29B6A06A0007BBCE /* Assets.xcassets in Resources */,
			);
			runOnlyForDeploymentPostprocessing = 0;
		};
/* End PBXResourcesBuildPhase section */

/* Begin PBXSourcesBuildPhase section */
		00A566E329B6A0690007BBCE /* Sources */ = {
			isa = PBXSourcesBuildPhase;
			buildActionMask = 2147483647;
			files = (
				00A5670029B6A3B20007BBCE /* Recipe.swift in Sources */,
				00A5670629B6D1070007BBCE /* RecipeDetailView.swift in Sources */,
				00D01EF829C3F4D3005711C1 /* Rational.swift in Sources */,
				00A5670229B6A66C0007BBCE /* RecipeModel.swift in Sources */,
				00A566ED29B6A0690007BBCE /* RecipeListView.swift in Sources */,
				00A566EB29B6A0690007BBCE /* Recipe_List_App.swift in Sources */,
				00A5670429B6AABB0007BBCE /* DataService.swift in Sources */,
				00A348FD29BAED1800C9C0FC /* RecipeFeaturedView.swift in Sources */,
				001AD79629B7FB67001A8B00 /* RecipeTabView.swift in Sources */,
			);
			runOnlyForDeploymentPostprocessing = 0;
		};
/* End PBXSourcesBuildPhase section */

/* Begin XCBuildConfiguration section */
		00A566F329B6A06A0007BBCE /* Debug */ = {
			isa = XCBuildConfiguration;
			buildSettings = {
				ALWAYS_SEARCH_USER_PATHS = NO;
				CLANG_ANALYZER_NONNULL = YES;
				CLANG_ANALYZER_NUMBER_OBJECT_CONVERSION = YES_AGGRESSIVE;
				CLANG_CXX_LANGUAGE_STANDARD = "gnu++20";
				CLANG_ENABLE_MODULES = YES;
				CLANG_ENABLE_OBJC_ARC = YES;
				CLANG_ENABLE_OBJC_WEAK = YES;
				CLANG_WARN_BLOCK_CAPTURE_AUTORELEASING = YES;
				CLANG_WARN_BOOL_CONVERSION = YES;
				CLANG_WARN_COMMA = YES;
				CLANG_WARN_CONSTANT_CONVERSION = YES;
				CLANG_WARN_DEPRECATED_OBJC_IMPLEMENTATIONS = YES;
				CLANG_WARN_DIRECT_OBJC_ISA_USAGE = YES_ERROR;
				CLANG_WARN_DOCUMENTATION_COMMENTS = YES;
				CLANG_WARN_EMPTY_BODY = YES;
				CLANG_WARN_ENUM_CONVERSION = YES;
				CLANG_WARN_INFINITE_RECURSION = YES;
				CLANG_WARN_INT_CONVERSION = YES;
				CLANG_WARN_NON_LITERAL_NULL_CONVERSION = YES;
				CLANG_WARN_OBJC_IMPLICIT_RETAIN_SELF = YES;
				CLANG_WARN_OBJC_LITERAL_CONVERSION = YES;
				CLANG_WARN_OBJC_ROOT_CLASS = YES_ERROR;
				CLANG_WARN_QUOTED_INCLUDE_IN_FRAMEWORK_HEADER = YES;
				CLANG_WARN_RANGE_LOOP_ANALYSIS = YES;
				CLANG_WARN_STRICT_PROTOTYPES = YES;
				CLANG_WARN_SUSPICIOUS_MOVE = YES;
				CLANG_WARN_UNGUARDED_AVAILABILITY = YES_AGGRESSIVE;
				CLANG_WARN_UNREACHABLE_CODE = YES;
				CLANG_WARN__DUPLICATE_METHOD_MATCH = YES;
				COPY_PHASE_STRIP = NO;
				DEBUG_INFORMATION_FORMAT = dwarf;
				ENABLE_STRICT_OBJC_MSGSEND = YES;
				ENABLE_TESTABILITY = YES;
				GCC_C_LANGUAGE_STANDARD = gnu11;
				GCC_DYNAMIC_NO_PIC = NO;
				GCC_NO_COMMON_BLOCKS = YES;
				GCC_OPTIMIZATION_LEVEL = 0;
				GCC_PREPROCESSOR_DEFINITIONS = (
					"DEBUG=1",
					"$(inherited)",
				);
				GCC_WARN_64_TO_32_BIT_CONVERSION = YES;
				GCC_WARN_ABOUT_RETURN_TYPE = YES_ERROR;
				GCC_WARN_UNDECLARED_SELECTOR = YES;
				GCC_WARN_UNINITIALIZED_AUTOS = YES_AGGRESSIVE;
				GCC_WARN_UNUSED_FUNCTION = YES;
				GCC_WARN_UNUSED_VARIABLE = YES;
				IPHONEOS_DEPLOYMENT_TARGET = 16.2;
				MTL_ENABLE_DEBUG_INFO = INCLUDE_SOURCE;
				MTL_FAST_MATH = YES;
				ONLY_ACTIVE_ARCH = YES;
				SDKROOT = iphoneos;
				SWIFT_ACTIVE_COMPILATION_CONDITIONS = DEBUG;
				SWIFT_OPTIMIZATION_LEVEL = "-Onone";
			};
			name = Debug;
		};
		00A566F429B6A06A0007BBCE /* Release */ = {
			isa = XCBuildConfiguration;
			buildSettings = {
				ALWAYS_SEARCH_USER_PATHS = NO;
				CLANG_ANALYZER_NONNULL = YES;
				CLANG_ANALYZER_NUMBER_OBJECT_CONVERSION = YES_AGGRESSIVE;
				CLANG_CXX_LANGUAGE_STANDARD = "gnu++20";
				CLANG_ENABLE_MODULES = YES;
				CLANG_ENABLE_OBJC_ARC = YES;
				CLANG_ENABLE_OBJC_WEAK = YES;
				CLANG_WARN_BLOCK_CAPTURE_AUTORELEASING = YES;
				CLANG_WARN_BOOL_CONVERSION = YES;
				CLANG_WARN_COMMA = YES;
				CLANG_WARN_CONSTANT_CONVERSION = YES;
				CLANG_WARN_DEPRECATED_OBJC_IMPLEMENTATIONS = YES;
				CLANG_WARN_DIRECT_OBJC_ISA_USAGE = YES_ERROR;
				CLANG_WARN_DOCUMENTATION_COMMENTS = YES;
				CLANG_WARN_EMPTY_BODY = YES;
				CLANG_WARN_ENUM_CONVERSION = YES;
				CLANG_WARN_INFINITE_RECURSION = YES;
				CLANG_WARN_INT_CONVERSION = YES;
				CLANG_WARN_NON_LITERAL_NULL_CONVERSION = YES;
				CLANG_WARN_OBJC_IMPLICIT_RETAIN_SELF = YES;
				CLANG_WARN_OBJC_LITERAL_CONVERSION = YES;
				CLANG_WARN_OBJC_ROOT_CLASS = YES_ERROR;
				CLANG_WARN_QUOTED_INCLUDE_IN_FRAMEWORK_HEADER = YES;
				CLANG_WARN_RANGE_LOOP_ANALYSIS = YES;
				CLANG_WARN_STRICT_PROTOTYPES = YES;
				CLANG_WARN_SUSPICIOUS_MOVE = YES;
				CLANG_WARN_UNGUARDED_AVAILABILITY = YES_AGGRESSIVE;
				CLANG_WARN_UNREACHABLE_CODE = YES;
				CLANG_WARN__DUPLICATE_METHOD_MATCH = YES;
				COPY_PHASE_STRIP = NO;
				DEBUG_INFORMATION_FORMAT = "dwarf-with-dsym";
				ENABLE_NS_ASSERTIONS = NO;
				ENABLE_STRICT_OBJC_MSGSEND = YES;
				GCC_C_LANGUAGE_STANDARD = gnu11;
				GCC_NO_COMMON_BLOCKS = YES;
				GCC_WARN_64_TO_32_BIT_CONVERSION = YES;
				GCC_WARN_ABOUT_RETURN_TYPE = YES_ERROR;
				GCC_WARN_UNDECLARED_SELECTOR = YES;
				GCC_WARN_UNINITIALIZED_AUTOS = YES_AGGRESSIVE;
				GCC_WARN_UNUSED_FUNCTION = YES;
				GCC_WARN_UNUSED_VARIABLE = YES;
				IPHONEOS_DEPLOYMENT_TARGET = 16.2;
				MTL_ENABLE_DEBUG_INFO = NO;
				MTL_FAST_MATH = YES;
				SDKROOT = iphoneos;
				SWIFT_COMPILATION_MODE = wholemodule;
				SWIFT_OPTIMIZATION_LEVEL = "-O";
				VALIDATE_PRODUCT = YES;
			};
			name = Release;
		};
		00A566F629B6A06A0007BBCE /* Debug */ = {
			isa = XCBuildConfiguration;
			buildSettings = {
				ASSETCATALOG_COMPILER_APPICON_NAME = AppIcon;
				ASSETCATALOG_COMPILER_GLOBAL_ACCENT_COLOR_NAME = AccentColor;
				CODE_SIGN_STYLE = Automatic;
				CURRENT_PROJECT_VERSION = 1;
				DEVELOPMENT_ASSET_PATHS = "\"Recipe List App/Preview Content\"";
				ENABLE_PREVIEWS = YES;
				GENERATE_INFOPLIST_FILE = YES;
				INFOPLIST_KEY_UIApplicationSceneManifest_Generation = YES;
				INFOPLIST_KEY_UIApplicationSupportsIndirectInputEvents = YES;
				INFOPLIST_KEY_UILaunchScreen_Generation = YES;
				INFOPLIST_KEY_UISupportedInterfaceOrientations_iPad = "UIInterfaceOrientationPortrait UIInterfaceOrientationPortraitUpsideDown UIInterfaceOrientationLandscapeLeft UIInterfaceOrientationLandscapeRight";
				INFOPLIST_KEY_UISupportedInterfaceOrientations_iPhone = "UIInterfaceOrientationPortrait UIInterfaceOrientationLandscapeLeft UIInterfaceOrientationLandscapeRight";
				LD_RUNPATH_SEARCH_PATHS = (
					"$(inherited)",
					"@executable_path/Frameworks",
				);
				MARKETING_VERSION = 1.0;
				PRODUCT_BUNDLE_IDENTIFIER = "com.bryanhuang.Recipe-List-App";
				PRODUCT_NAME = "$(TARGET_NAME)";
				SWIFT_EMIT_LOC_STRINGS = YES;
				SWIFT_VERSION = 5.0;
				TARGETED_DEVICE_FAMILY = "1,2";
			};
			name = Debug;
		};
		00A566F729B6A06A0007BBCE /* Release */ = {
			isa = XCBuildConfiguration;
			buildSettings = {
				ASSETCATALOG_COMPILER_APPICON_NAME = AppIcon;
				ASSETCATALOG_COMPILER_GLOBAL_ACCENT_COLOR_NAME = AccentColor;
				CODE_SIGN_STYLE = Automatic;
				CURRENT_PROJECT_VERSION = 1;
				DEVELOPMENT_ASSET_PATHS = "\"Recipe List App/Preview Content\"";
				ENABLE_PREVIEWS = YES;
				GENERATE_INFOPLIST_FILE = YES;
				INFOPLIST_KEY_UIApplicationSceneManifest_Generation = YES;
				INFOPLIST_KEY_UIApplicationSupportsIndirectInputEvents = YES;
				INFOPLIST_KEY_UILaunchScreen_Generation = YES;
				INFOPLIST_KEY_UISupportedInterfaceOrientations_iPad = "UIInterfaceOrientationPortrait UIInterfaceOrientationPortraitUpsideDown UIInterfaceOrientationLandscapeLeft UIInterfaceOrientationLandscapeRight";
				INFOPLIST_KEY_UISupportedInterfaceOrientations_iPhone = "UIInterfaceOrientationPortrait UIInterfaceOrientationLandscapeLeft UIInterfaceOrientationLandscapeRight";
				LD_RUNPATH_SEARCH_PATHS = (
					"$(inherited)",
					"@executable_path/Frameworks",
				);
				MARKETING_VERSION = 1.0;
				PRODUCT_BUNDLE_IDENTIFIER = "com.bryanhuang.Recipe-List-App";
				PRODUCT_NAME = "$(TARGET_NAME)";
				SWIFT_EMIT_LOC_STRINGS = YES;
				SWIFT_VERSION = 5.0;
				TARGETED_DEVICE_FAMILY = "1,2";
			};
			name = Release;
		};
/* End XCBuildConfiguration section */

/* Begin XCConfigurationList section */
		00A566E229B6A0690007BBCE /* Build configuration list for PBXProject "Recipe List App" */ = {
			isa = XCConfigurationList;
			buildConfigurations = (
				00A566F329B6A06A0007BBCE /* Debug */,
				00A566F429B6A06A0007BBCE /* Release */,
			);
			defaultConfigurationIsVisible = 0;
			defaultConfigurationName = Release;
		};
		00A566F529B6A06A0007BBCE /* Build configuration list for PBXNativeTarget "Recipe List App" */ = {
			isa = XCConfigurationList;
			buildConfigurations = (
				00A566F629B6A06A0007BBCE /* Debug */,
				00A566F729B6A06A0007BBCE /* Release */,
			);
			defaultConfigurationIsVisible = 0;
			defaultConfigurationName = Release;
		};
/* End XCConfigurationList section */
	};
	rootObject = 00A566DF29B6A0690007BBCE /* Project object */;
}
